
Microsoft Visual Studio Solution File, Format Version 12.00
# Visual Studio Version 17
VisualStudioVersion = 17.3.32929.385
MinimumVisualStudioVersion = 10.0.40219.1
Project("{FAE04EC0-301F-11D3-BF4B-00C04F79EFBC}") = "BubbleSort", "BubbleSort\BubbleSort.csproj", "{AC85AE64-9E7B-415F-9CDF-023843DB1AE5}"
EndProject
Global
	GlobalSection(SolutionConfigurationPlatforms) = preSolution
		Debug|Any CPU = Debug|Any CPU
		Release|Any CPU = Release|Any CPU
	EndGlobalSection
	GlobalSection(ProjectConfigurationPlatforms) = postSolution
		{AC85AE64-9E7B-415F-9CDF-023843DB1AE5}.Debug|Any CPU.ActiveCfg = Debug|Any CPU
		{AC85AE64-9E7B-415F-9CDF-023843DB1AE5}.Debug|Any CPU.Build.0 = Debug|Any CPU
		{AC85AE64-9E7B-415F-9CDF-023843DB1AE5}.Release|Any CPU.ActiveCfg = Release|Any CPU
		{AC85AE64-9E7B-415F-9CDF-023843DB1AE5}.Release|Any CPU.Build.0 = Release|Any CPU
	EndGlobalSection
	GlobalSection(SolutionProperties) = preSolution
		HideSolutionNode = FALSE
	EndGlobalSection
	GlobalSection(ExtensibilityGlobals) = postSolution
		SolutionGuid = {ACD1338A-5238-4691-873F-42A5781A8D70}
	EndGlobalSection
EndGlobal
