
Microsoft Visual Studio Solution File, Format Version 12.00
# Visual Studio Version 17
VisualStudioVersion = 17.3.32929.385
MinimumVisualStudioVersion = 10.0.40219.1
Project("{FAE04EC0-301F-11D3-BF4B-00C04F79EFBC}") = "ContainsDuplicate", "ContainsDuplicate\ContainsDuplicate.csproj", "{A324A43C-4EFC-403E-9381-7F24EA022CA9}"
EndProject
Global
	GlobalSection(SolutionConfigurationPlatforms) = preSolution
		Debug|Any CPU = Debug|Any CPU
		Release|Any CPU = Release|Any CPU
	EndGlobalSection
	GlobalSection(ProjectConfigurationPlatforms) = postSolution
		{A324A43C-4EFC-403E-9381-7F24EA022CA9}.Debug|Any CPU.ActiveCfg = Debug|Any CPU
		{A324A43C-4EFC-403E-9381-7F24EA022CA9}.Debug|Any CPU.Build.0 = Debug|Any CPU
		{A324A43C-4EFC-403E-9381-7F24EA022CA9}.Release|Any CPU.ActiveCfg = Release|Any CPU
		{A324A43C-4EFC-403E-9381-7F24EA022CA9}.Release|Any CPU.Build.0 = Release|Any CPU
	EndGlobalSection
	GlobalSection(SolutionProperties) = preSolution
		HideSolutionNode = FALSE
	EndGlobalSection
	GlobalSection(ExtensibilityGlobals) = postSolution
		SolutionGuid = {39F38F37-9580-4EF8-B593-07326C2A4CCF}
	EndGlobalSection
EndGlobal
