
Microsoft Visual Studio Solution File, Format Version 12.00
# Visual Studio Version 17
VisualStudioVersion = 17.3.32929.385
MinimumVisualStudioVersion = 10.0.40219.1
Project("{FAE04EC0-301F-11D3-BF4B-00C04F79EFBC}") = "FirstRecurringNumber", "FirstRecurringNumber\FirstRecurringNumber.csproj", "{5C27997C-624B-48D6-A737-9499DF0D2EC4}"
EndProject
Global
	GlobalSection(SolutionConfigurationPlatforms) = preSolution
		Debug|Any CPU = Debug|Any CPU
		Release|Any CPU = Release|Any CPU
	EndGlobalSection
	GlobalSection(ProjectConfigurationPlatforms) = postSolution
		{5C27997C-624B-48D6-A737-9499DF0D2EC4}.Debug|Any CPU.ActiveCfg = Debug|Any CPU
		{5C27997C-624B-48D6-A737-9499DF0D2EC4}.Debug|Any CPU.Build.0 = Debug|Any CPU
		{5C27997C-624B-48D6-A737-9499DF0D2EC4}.Release|Any CPU.ActiveCfg = Release|Any CPU
		{5C27997C-624B-48D6-A737-9499DF0D2EC4}.Release|Any CPU.Build.0 = Release|Any CPU
	EndGlobalSection
	GlobalSection(SolutionProperties) = preSolution
		HideSolutionNode = FALSE
	EndGlobalSection
	GlobalSection(ExtensibilityGlobals) = postSolution
		SolutionGuid = {73825C58-EDE7-4488-9867-53F2AF3E65ED}
	EndGlobalSection
EndGlobal
